// !$*UTF8*$!
{
	archiveVersion = 1;
	classes = {
	};
	objectVersion = 56;
	objects = {

/* Begin PBXBuildFile section */
		1BA5D1952ADBE72700935E6F /* Novision_ArrangementsApp.swift in Sources */ = {isa = PBXBuildFile; fileRef = 1BA5D1942ADBE72700935E6F /* Novision_ArrangementsApp.swift */; };
		1BA5D1972ADBE72700935E6F /* ContentView.swift in Sources */ = {isa = PBXBuildFile; fileRef = 1BA5D1962ADBE72700935E6F /* ContentView.swift */; };
		1BA5D1992ADBE72800935E6F /* Assets.xcassets in Resources */ = {isa = PBXBuildFile; fileRef = 1BA5D1982ADBE72800935E6F /* Assets.xcassets */; };
		1BA5D19C2ADBE72800935E6F /* Preview Assets.xcassets in Resources */ = {isa = PBXBuildFile; fileRef = 1BA5D19B2ADBE72800935E6F /* Preview Assets.xcassets */; };
		1BA5D1A42ADBE7B200935E6F /* EachFlashcardInfo.swift in Sources */ = {isa = PBXBuildFile; fileRef = 1BA5D1A32ADBE7B200935E6F /* EachFlashcardInfo.swift */; };
		1BA5D1A62ADBE7CB00935E6F /* NovisionManager.swift in Sources */ = {isa = PBXBuildFile; fileRef = 1BA5D1A52ADBE7CB00935E6F /* NovisionManager.swift */; };
		1BA5D1A82ADBE7E500935E6F /* FlashcardsExamples.swift in Sources */ = {isa = PBXBuildFile; fileRef = 1BA5D1A72ADBE7E500935E6F /* FlashcardsExamples.swift */; };
		1BA5D1AF2ADBEA1300935E6F /* MainFlashcardsListView.swift in Sources */ = {isa = PBXBuildFile; fileRef = 1BA5D1AE2ADBEA1300935E6F /* MainFlashcardsListView.swift */; };
		1BA5D1B12ADBEA5A00935E6F /* SubjectListView.swift in Sources */ = {isa = PBXBuildFile; fileRef = 1BA5D1B02ADBEA5A00935E6F /* SubjectListView.swift */; };
		1BA5D1B32ADBEA6F00935E6F /* NewSubjectView.swift in Sources */ = {isa = PBXBuildFile; fileRef = 1BA5D1B22ADBEA6F00935E6F /* NewSubjectView.swift */; };
		1BA5D1B52ADBEA8900935E6F /* FlashcardLayoutFromSubjectToTopicWithLinksView.swift in Sources */ = {isa = PBXBuildFile; fileRef = 1BA5D1B42ADBEA8900935E6F /* FlashcardLayoutFromSubjectToTopicWithLinksView.swift */; };
		1BA5D1B72ADBEA9D00935E6F /* SubjectDetailView.swift in Sources */ = {isa = PBXBuildFile; fileRef = 1BA5D1B62ADBEA9D00935E6F /* SubjectDetailView.swift */; };
		1BA5D1B92ADBEAAF00935E6F /* SubjectFlashcardView.swift in Sources */ = {isa = PBXBuildFile; fileRef = 1BA5D1B82ADBEAAF00935E6F /* SubjectFlashcardView.swift */; };
		1BA5D1BB2ADBEC6700935E6F /* TopicListView.swift in Sources */ = {isa = PBXBuildFile; fileRef = 1BA5D1BA2ADBEC6600935E6F /* TopicListView.swift */; };
		1BA5D1BD2ADBEC7C00935E6F /* NewTopicView.swift in Sources */ = {isa = PBXBuildFile; fileRef = 1BA5D1BC2ADBEC7C00935E6F /* NewTopicView.swift */; };
		1BA5D1BF2ADBEC9300935E6F /* FlashcardLayoutFromTopicToQandAWithLinksView.swift in Sources */ = {isa = PBXBuildFile; fileRef = 1BA5D1BE2ADBEC9300935E6F /* FlashcardLayoutFromTopicToQandAWithLinksView.swift */; };
		1BA5D1C12ADBECAA00935E6F /* TopicDetailView.swift in Sources */ = {isa = PBXBuildFile; fileRef = 1BA5D1C02ADBECAA00935E6F /* TopicDetailView.swift */; };
		1BA5D1C32ADBECC000935E6F /* TopicFlashcardView.swift in Sources */ = {isa = PBXBuildFile; fileRef = 1BA5D1C22ADBECC000935E6F /* TopicFlashcardView.swift */; };
		1BA5D1C52ADBEE7600935E6F /* QandAListView.swift in Sources */ = {isa = PBXBuildFile; fileRef = 1BA5D1C42ADBEE7600935E6F /* QandAListView.swift */; };
		1BA5D1C72ADBEE8900935E6F /* NewQandAView.swift in Sources */ = {isa = PBXBuildFile; fileRef = 1BA5D1C62ADBEE8900935E6F /* NewQandAView.swift */; };
		1BA5D1C92ADBEEA000935E6F /* FlashcardLayoutFromQandAToQandADetailWithLinksView.swift in Sources */ = {isa = PBXBuildFile; fileRef = 1BA5D1C82ADBEEA000935E6F /* FlashcardLayoutFromQandAToQandADetailWithLinksView.swift */; };
		1BA5D1CB2ADBEEB500935E6F /* QandADetailView.swift in Sources */ = {isa = PBXBuildFile; fileRef = 1BA5D1CA2ADBEEB500935E6F /* QandADetailView.swift */; };
		1BA5D1CD2ADBEEC800935E6F /* QandAFlashcardView.swift in Sources */ = {isa = PBXBuildFile; fileRef = 1BA5D1CC2ADBEEC800935E6F /* QandAFlashcardView.swift */; };
/* End PBXBuildFile section */

/* Begin PBXFileReference section */
		1BA5D1912ADBE72700935E6F /* Novision Arrangements.app */ = {isa = PBXFileReference; explicitFileType = wrapper.application; includeInIndex = 0; path = "Novision Arrangements.app"; sourceTree = BUILT_PRODUCTS_DIR; };
		1BA5D1942ADBE72700935E6F /* Novision_ArrangementsApp.swift */ = {isa = PBXFileReference; lastKnownFileType = sourcecode.swift; path = Novision_ArrangementsApp.swift; sourceTree = "<group>"; };
		1BA5D1962ADBE72700935E6F /* ContentView.swift */ = {isa = PBXFileReference; lastKnownFileType = sourcecode.swift; path = ContentView.swift; sourceTree = "<group>"; };
		1BA5D1982ADBE72800935E6F /* Assets.xcassets */ = {isa = PBXFileReference; lastKnownFileType = folder.assetcatalog; path = Assets.xcassets; sourceTree = "<group>"; };
		1BA5D19B2ADBE72800935E6F /* Preview Assets.xcassets */ = {isa = PBXFileReference; lastKnownFileType = folder.assetcatalog; path = "Preview Assets.xcassets"; sourceTree = "<group>"; };
		1BA5D1A32ADBE7B200935E6F /* EachFlashcardInfo.swift */ = {isa = PBXFileReference; lastKnownFileType = sourcecode.swift; path = EachFlashcardInfo.swift; sourceTree = "<group>"; };
		1BA5D1A52ADBE7CB00935E6F /* NovisionManager.swift */ = {isa = PBXFileReference; lastKnownFileType = sourcecode.swift; path = NovisionManager.swift; sourceTree = "<group>"; };
		1BA5D1A72ADBE7E500935E6F /* FlashcardsExamples.swift */ = {isa = PBXFileReference; lastKnownFileType = sourcecode.swift; path = FlashcardsExamples.swift; sourceTree = "<group>"; };
		1BA5D1AE2ADBEA1300935E6F /* MainFlashcardsListView.swift */ = {isa = PBXFileReference; lastKnownFileType = sourcecode.swift; path = MainFlashcardsListView.swift; sourceTree = "<group>"; };
		1BA5D1B02ADBEA5A00935E6F /* SubjectListView.swift */ = {isa = PBXFileReference; lastKnownFileType = sourcecode.swift; path = SubjectListView.swift; sourceTree = "<group>"; };
		1BA5D1B22ADBEA6F00935E6F /* NewSubjectView.swift */ = {isa = PBXFileReference; lastKnownFileType = sourcecode.swift; path = NewSubjectView.swift; sourceTree = "<group>"; };
		1BA5D1B42ADBEA8900935E6F /* FlashcardLayoutFromSubjectToTopicWithLinksView.swift */ = {isa = PBXFileReference; lastKnownFileType = sourcecode.swift; path = FlashcardLayoutFromSubjectToTopicWithLinksView.swift; sourceTree = "<group>"; };
		1BA5D1B62ADBEA9D00935E6F /* SubjectDetailView.swift */ = {isa = PBXFileReference; lastKnownFileType = sourcecode.swift; path = SubjectDetailView.swift; sourceTree = "<group>"; };
		1BA5D1B82ADBEAAF00935E6F /* SubjectFlashcardView.swift */ = {isa = PBXFileReference; lastKnownFileType = sourcecode.swift; path = SubjectFlashcardView.swift; sourceTree = "<group>"; };
		1BA5D1BA2ADBEC6600935E6F /* TopicListView.swift */ = {isa = PBXFileReference; lastKnownFileType = sourcecode.swift; path = TopicListView.swift; sourceTree = "<group>"; };
		1BA5D1BC2ADBEC7C00935E6F /* NewTopicView.swift */ = {isa = PBXFileReference; lastKnownFileType = sourcecode.swift; path = NewTopicView.swift; sourceTree = "<group>"; };
		1BA5D1BE2ADBEC9300935E6F /* FlashcardLayoutFromTopicToQandAWithLinksView.swift */ = {isa = PBXFileReference; lastKnownFileType = sourcecode.swift; path = FlashcardLayoutFromTopicToQandAWithLinksView.swift; sourceTree = "<group>"; };
		1BA5D1C02ADBECAA00935E6F /* TopicDetailView.swift */ = {isa = PBXFileReference; lastKnownFileType = sourcecode.swift; path = TopicDetailView.swift; sourceTree = "<group>"; };
		1BA5D1C22ADBECC000935E6F /* TopicFlashcardView.swift */ = {isa = PBXFileReference; lastKnownFileType = sourcecode.swift; path = TopicFlashcardView.swift; sourceTree = "<group>"; };
		1BA5D1C42ADBEE7600935E6F /* QandAListView.swift */ = {isa = PBXFileReference; lastKnownFileType = sourcecode.swift; path = QandAListView.swift; sourceTree = "<group>"; };
		1BA5D1C62ADBEE8900935E6F /* NewQandAView.swift */ = {isa = PBXFileReference; lastKnownFileType = sourcecode.swift; path = NewQandAView.swift; sourceTree = "<group>"; };
		1BA5D1C82ADBEEA000935E6F /* FlashcardLayoutFromQandAToQandADetailWithLinksView.swift */ = {isa = PBXFileReference; lastKnownFileType = sourcecode.swift; path = FlashcardLayoutFromQandAToQandADetailWithLinksView.swift; sourceTree = "<group>"; };
		1BA5D1CA2ADBEEB500935E6F /* QandADetailView.swift */ = {isa = PBXFileReference; lastKnownFileType = sourcecode.swift; path = QandADetailView.swift; sourceTree = "<group>"; };
		1BA5D1CC2ADBEEC800935E6F /* QandAFlashcardView.swift */ = {isa = PBXFileReference; lastKnownFileType = sourcecode.swift; path = QandAFlashcardView.swift; sourceTree = "<group>"; };
/* End PBXFileReference section */

/* Begin PBXFrameworksBuildPhase section */
		1BA5D18E2ADBE72700935E6F /* Frameworks */ = {
			isa = PBXFrameworksBuildPhase;
			buildActionMask = 2147483647;
			files = (
			);
			runOnlyForDeploymentPostprocessing = 0;
		};
/* End PBXFrameworksBuildPhase section */

/* Begin PBXGroup section */
		1BA5D1882ADBE72700935E6F = {
			isa = PBXGroup;
			children = (
				1BA5D1932ADBE72700935E6F /* Novision Arrangements */,
				1BA5D1922ADBE72700935E6F /* Products */,
			);
			sourceTree = "<group>";
		};
		1BA5D1922ADBE72700935E6F /* Products */ = {
			isa = PBXGroup;
			children = (
				1BA5D1912ADBE72700935E6F /* Novision Arrangements.app */,
			);
			name = Products;
			sourceTree = "<group>";
		};
		1BA5D1932ADBE72700935E6F /* Novision Arrangements */ = {
			isa = PBXGroup;
			children = (
				1BA5D1962ADBE72700935E6F /* ContentView.swift */,
				1BA5D1A22ADBE78800935E6F /* Model and View Model */,
				1BA5D1AA2ADBE99700935E6F /* FlashcardsListView */,
				1BA5D1942ADBE72700935E6F /* Novision_ArrangementsApp.swift */,
				1BA5D1982ADBE72800935E6F /* Assets.xcassets */,
				1BA5D19A2ADBE72800935E6F /* Preview Content */,
			);
			path = "Novision Arrangements";
			sourceTree = "<group>";
		};
		1BA5D19A2ADBE72800935E6F /* Preview Content */ = {
			isa = PBXGroup;
			children = (
				1BA5D19B2ADBE72800935E6F /* Preview Assets.xcassets */,
			);
			path = "Preview Content";
			sourceTree = "<group>";
		};
		1BA5D1A22ADBE78800935E6F /* Model and View Model */ = {
			isa = PBXGroup;
			children = (
				1BA5D1A32ADBE7B200935E6F /* EachFlashcardInfo.swift */,
				1BA5D1A52ADBE7CB00935E6F /* NovisionManager.swift */,
				1BA5D1A72ADBE7E500935E6F /* FlashcardsExamples.swift */,
			);
			path = "Model and View Model";
			sourceTree = "<group>";
		};
		1BA5D1AA2ADBE99700935E6F /* FlashcardsListView */ = {
			isa = PBXGroup;
			children = (
				1BA5D1AE2ADBEA1300935E6F /* MainFlashcardsListView.swift */,
				1BA5D1AB2ADBE9BF00935E6F /* SubjectRelatedViews */,
				1BA5D1AC2ADBE9D000935E6F /* TopicRelatedViews */,
				1BA5D1AD2ADBE9E600935E6F /* QandARelatedViews */,
			);
			path = FlashcardsListView;
			sourceTree = "<group>";
		};
		1BA5D1AB2ADBE9BF00935E6F /* SubjectRelatedViews */ = {
			isa = PBXGroup;
			children = (
				1BA5D1B02ADBEA5A00935E6F /* SubjectListView.swift */,
				1BA5D1B22ADBEA6F00935E6F /* NewSubjectView.swift */,
				1BA5D1B42ADBEA8900935E6F /* FlashcardLayoutFromSubjectToTopicWithLinksView.swift */,
				1BA5D1B62ADBEA9D00935E6F /* SubjectDetailView.swift */,
				1BA5D1B82ADBEAAF00935E6F /* SubjectFlashcardView.swift */,
			);
			path = SubjectRelatedViews;
			sourceTree = "<group>";
		};
		1BA5D1AC2ADBE9D000935E6F /* TopicRelatedViews */ = {
			isa = PBXGroup;
			children = (
				1BA5D1BA2ADBEC6600935E6F /* TopicListView.swift */,
				1BA5D1BC2ADBEC7C00935E6F /* NewTopicView.swift */,
				1BA5D1BE2ADBEC9300935E6F /* FlashcardLayoutFromTopicToQandAWithLinksView.swift */,
				1BA5D1C02ADBECAA00935E6F /* TopicDetailView.swift */,
				1BA5D1C22ADBECC000935E6F /* TopicFlashcardView.swift */,
			);
			path = TopicRelatedViews;
			sourceTree = "<group>";
		};
		1BA5D1AD2ADBE9E600935E6F /* QandARelatedViews */ = {
			isa = PBXGroup;
			children = (
				1BA5D1C42ADBEE7600935E6F /* QandAListView.swift */,
				1BA5D1C62ADBEE8900935E6F /* NewQandAView.swift */,
				1BA5D1C82ADBEEA000935E6F /* FlashcardLayoutFromQandAToQandADetailWithLinksView.swift */,
				1BA5D1CA2ADBEEB500935E6F /* QandADetailView.swift */,
				1BA5D1CC2ADBEEC800935E6F /* QandAFlashcardView.swift */,
			);
			path = QandARelatedViews;
			sourceTree = "<group>";
		};
/* End PBXGroup section */

/* Begin PBXNativeTarget section */
		1BA5D1902ADBE72700935E6F /* Novision Arrangements */ = {
			isa = PBXNativeTarget;
			buildConfigurationList = 1BA5D19F2ADBE72800935E6F /* Build configuration list for PBXNativeTarget "Novision Arrangements" */;
			buildPhases = (
				1BA5D18D2ADBE72700935E6F /* Sources */,
				1BA5D18E2ADBE72700935E6F /* Frameworks */,
				1BA5D18F2ADBE72700935E6F /* Resources */,
			);
			buildRules = (
			);
			dependencies = (
			);
			name = "Novision Arrangements";
			productName = "Novision Arrangements";
			productReference = 1BA5D1912ADBE72700935E6F /* Novision Arrangements.app */;
			productType = "com.apple.product-type.application";
		};
/* End PBXNativeTarget section */

/* Begin PBXProject section */
		1BA5D1892ADBE72700935E6F /* Project object */ = {
			isa = PBXProject;
			attributes = {
				BuildIndependentTargetsInParallel = 1;
				LastSwiftUpdateCheck = 1430;
				LastUpgradeCheck = 1430;
				TargetAttributes = {
					1BA5D1902ADBE72700935E6F = {
						CreatedOnToolsVersion = 14.3.1;
					};
				};
			};
			buildConfigurationList = 1BA5D18C2ADBE72700935E6F /* Build configuration list for PBXProject "Novision Arrangements" */;
			compatibilityVersion = "Xcode 14.0";
			developmentRegion = en;
			hasScannedForEncodings = 0;
			knownRegions = (
				en,
				Base,
			);
			mainGroup = 1BA5D1882ADBE72700935E6F;
			productRefGroup = 1BA5D1922ADBE72700935E6F /* Products */;
			projectDirPath = "";
			projectRoot = "";
			targets = (
				1BA5D1902ADBE72700935E6F /* Novision Arrangements */,
			);
		};
/* End PBXProject section */

/* Begin PBXResourcesBuildPhase section */
		1BA5D18F2ADBE72700935E6F /* Resources */ = {
			isa = PBXResourcesBuildPhase;
			buildActionMask = 2147483647;
			files = (
				1BA5D19C2ADBE72800935E6F /* Preview Assets.xcassets in Resources */,
				1BA5D1992ADBE72800935E6F /* Assets.xcassets in Resources */,
			);
			runOnlyForDeploymentPostprocessing = 0;
		};
/* End PBXResourcesBuildPhase section */

/* Begin PBXSourcesBuildPhase section */
		1BA5D18D2ADBE72700935E6F /* Sources */ = {
			isa = PBXSourcesBuildPhase;
			buildActionMask = 2147483647;
			files = (
				1BA5D1972ADBE72700935E6F /* ContentView.swift in Sources */,
				1BA5D1CD2ADBEEC800935E6F /* QandAFlashcardView.swift in Sources */,
				1BA5D1A62ADBE7CB00935E6F /* NovisionManager.swift in Sources */,
				1BA5D1B72ADBEA9D00935E6F /* SubjectDetailView.swift in Sources */,
				1BA5D1CB2ADBEEB500935E6F /* QandADetailView.swift in Sources */,
				1BA5D1B92ADBEAAF00935E6F /* SubjectFlashcardView.swift in Sources */,
				1BA5D1AF2ADBEA1300935E6F /* MainFlashcardsListView.swift in Sources */,
				1BA5D1C32ADBECC000935E6F /* TopicFlashcardView.swift in Sources */,
				1BA5D1B52ADBEA8900935E6F /* FlashcardLayoutFromSubjectToTopicWithLinksView.swift in Sources */,
				1BA5D1C12ADBECAA00935E6F /* TopicDetailView.swift in Sources */,
				1BA5D1B12ADBEA5A00935E6F /* SubjectListView.swift in Sources */,
				1BA5D1B32ADBEA6F00935E6F /* NewSubjectView.swift in Sources */,
				1BA5D1C52ADBEE7600935E6F /* QandAListView.swift in Sources */,
				1BA5D1C92ADBEEA000935E6F /* FlashcardLayoutFromQandAToQandADetailWithLinksView.swift in Sources */,
				1BA5D1BD2ADBEC7C00935E6F /* NewTopicView.swift in Sources */,
				1BA5D1BB2ADBEC6700935E6F /* TopicListView.swift in Sources */,
				1BA5D1C72ADBEE8900935E6F /* NewQandAView.swift in Sources */,
				1BA5D1952ADBE72700935E6F /* Novision_ArrangementsApp.swift in Sources */,
				1BA5D1A82ADBE7E500935E6F /* FlashcardsExamples.swift in Sources */,
				1BA5D1BF2ADBEC9300935E6F /* FlashcardLayoutFromTopicToQandAWithLinksView.swift in Sources */,
				1BA5D1A42ADBE7B200935E6F /* EachFlashcardInfo.swift in Sources */,
			);
			runOnlyForDeploymentPostprocessing = 0;
		};
/* End PBXSourcesBuildPhase section */

/* Begin XCBuildConfiguration section */
		1BA5D19D2ADBE72800935E6F /* Debug */ = {
			isa = XCBuildConfiguration;
			buildSettings = {
				ALWAYS_SEARCH_USER_PATHS = NO;
				CLANG_ANALYZER_NONNULL = YES;
				CLANG_ANALYZER_NUMBER_OBJECT_CONVERSION = YES_AGGRESSIVE;
				CLANG_CXX_LANGUAGE_STANDARD = "gnu++20";
				CLANG_ENABLE_MODULES = YES;
				CLANG_ENABLE_OBJC_ARC = YES;
				CLANG_ENABLE_OBJC_WEAK = YES;
				CLANG_WARN_BLOCK_CAPTURE_AUTORELEASING = YES;
				CLANG_WARN_BOOL_CONVERSION = YES;
				CLANG_WARN_COMMA = YES;
				CLANG_WARN_CONSTANT_CONVERSION = YES;
				CLANG_WARN_DEPRECATED_OBJC_IMPLEMENTATIONS = YES;
				CLANG_WARN_DIRECT_OBJC_ISA_USAGE = YES_ERROR;
				CLANG_WARN_DOCUMENTATION_COMMENTS = YES;
				CLANG_WARN_EMPTY_BODY = YES;
				CLANG_WARN_ENUM_CONVERSION = YES;
				CLANG_WARN_INFINITE_RECURSION = YES;
				CLANG_WARN_INT_CONVERSION = YES;
				CLANG_WARN_NON_LITERAL_NULL_CONVERSION = YES;
				CLANG_WARN_OBJC_IMPLICIT_RETAIN_SELF = YES;
				CLANG_WARN_OBJC_LITERAL_CONVERSION = YES;
				CLANG_WARN_OBJC_ROOT_CLASS = YES_ERROR;
				CLANG_WARN_QUOTED_INCLUDE_IN_FRAMEWORK_HEADER = YES;
				CLANG_WARN_RANGE_LOOP_ANALYSIS = YES;
				CLANG_WARN_STRICT_PROTOTYPES = YES;
				CLANG_WARN_SUSPICIOUS_MOVE = YES;
				CLANG_WARN_UNGUARDED_AVAILABILITY = YES_AGGRESSIVE;
				CLANG_WARN_UNREACHABLE_CODE = YES;
				CLANG_WARN__DUPLICATE_METHOD_MATCH = YES;
				COPY_PHASE_STRIP = NO;
				DEBUG_INFORMATION_FORMAT = dwarf;
				ENABLE_STRICT_OBJC_MSGSEND = YES;
				ENABLE_TESTABILITY = YES;
				GCC_C_LANGUAGE_STANDARD = gnu11;
				GCC_DYNAMIC_NO_PIC = NO;
				GCC_NO_COMMON_BLOCKS = YES;
				GCC_OPTIMIZATION_LEVEL = 0;
				GCC_PREPROCESSOR_DEFINITIONS = (
					"DEBUG=1",
					"$(inherited)",
				);
				GCC_WARN_64_TO_32_BIT_CONVERSION = YES;
				GCC_WARN_ABOUT_RETURN_TYPE = YES_ERROR;
				GCC_WARN_UNDECLARED_SELECTOR = YES;
				GCC_WARN_UNINITIALIZED_AUTOS = YES_AGGRESSIVE;
				GCC_WARN_UNUSED_FUNCTION = YES;
				GCC_WARN_UNUSED_VARIABLE = YES;
				IPHONEOS_DEPLOYMENT_TARGET = 16.4;
				MTL_ENABLE_DEBUG_INFO = INCLUDE_SOURCE;
				MTL_FAST_MATH = YES;
				ONLY_ACTIVE_ARCH = YES;
				SDKROOT = iphoneos;
				SWIFT_ACTIVE_COMPILATION_CONDITIONS = DEBUG;
				SWIFT_OPTIMIZATION_LEVEL = "-Onone";
			};
			name = Debug;
		};
		1BA5D19E2ADBE72800935E6F /* Release */ = {
			isa = XCBuildConfiguration;
			buildSettings = {
				ALWAYS_SEARCH_USER_PATHS = NO;
				CLANG_ANALYZER_NONNULL = YES;
				CLANG_ANALYZER_NUMBER_OBJECT_CONVERSION = YES_AGGRESSIVE;
				CLANG_CXX_LANGUAGE_STANDARD = "gnu++20";
				CLANG_ENABLE_MODULES = YES;
				CLANG_ENABLE_OBJC_ARC = YES;
				CLANG_ENABLE_OBJC_WEAK = YES;
				CLANG_WARN_BLOCK_CAPTURE_AUTORELEASING = YES;
				CLANG_WARN_BOOL_CONVERSION = YES;
				CLANG_WARN_COMMA = YES;
				CLANG_WARN_CONSTANT_CONVERSION = YES;
				CLANG_WARN_DEPRECATED_OBJC_IMPLEMENTATIONS = YES;
				CLANG_WARN_DIRECT_OBJC_ISA_USAGE = YES_ERROR;
				CLANG_WARN_DOCUMENTATION_COMMENTS = YES;
				CLANG_WARN_EMPTY_BODY = YES;
				CLANG_WARN_ENUM_CONVERSION = YES;
				CLANG_WARN_INFINITE_RECURSION = YES;
				CLANG_WARN_INT_CONVERSION = YES;
				CLANG_WARN_NON_LITERAL_NULL_CONVERSION = YES;
				CLANG_WARN_OBJC_IMPLICIT_RETAIN_SELF = YES;
				CLANG_WARN_OBJC_LITERAL_CONVERSION = YES;
				CLANG_WARN_OBJC_ROOT_CLASS = YES_ERROR;
				CLANG_WARN_QUOTED_INCLUDE_IN_FRAMEWORK_HEADER = YES;
				CLANG_WARN_RANGE_LOOP_ANALYSIS = YES;
				CLANG_WARN_STRICT_PROTOTYPES = YES;
				CLANG_WARN_SUSPICIOUS_MOVE = YES;
				CLANG_WARN_UNGUARDED_AVAILABILITY = YES_AGGRESSIVE;
				CLANG_WARN_UNREACHABLE_CODE = YES;
				CLANG_WARN__DUPLICATE_METHOD_MATCH = YES;
				COPY_PHASE_STRIP = NO;
				DEBUG_INFORMATION_FORMAT = "dwarf-with-dsym";
				ENABLE_NS_ASSERTIONS = NO;
				ENABLE_STRICT_OBJC_MSGSEND = YES;
				GCC_C_LANGUAGE_STANDARD = gnu11;
				GCC_NO_COMMON_BLOCKS = YES;
				GCC_WARN_64_TO_32_BIT_CONVERSION = YES;
				GCC_WARN_ABOUT_RETURN_TYPE = YES_ERROR;
				GCC_WARN_UNDECLARED_SELECTOR = YES;
				GCC_WARN_UNINITIALIZED_AUTOS = YES_AGGRESSIVE;
				GCC_WARN_UNUSED_FUNCTION = YES;
				GCC_WARN_UNUSED_VARIABLE = YES;
				IPHONEOS_DEPLOYMENT_TARGET = 16.4;
				MTL_ENABLE_DEBUG_INFO = NO;
				MTL_FAST_MATH = YES;
				SDKROOT = iphoneos;
				SWIFT_COMPILATION_MODE = wholemodule;
				SWIFT_OPTIMIZATION_LEVEL = "-O";
				VALIDATE_PRODUCT = YES;
			};
			name = Release;
		};
		1BA5D1A02ADBE72800935E6F /* Debug */ = {
			isa = XCBuildConfiguration;
			buildSettings = {
				ASSETCATALOG_COMPILER_APPICON_NAME = AppIcon;
				ASSETCATALOG_COMPILER_GLOBAL_ACCENT_COLOR_NAME = AccentColor;
				CODE_SIGN_STYLE = Automatic;
				CURRENT_PROJECT_VERSION = 1;
				DEVELOPMENT_ASSET_PATHS = "\"Novision Arrangements/Preview Content\"";
				ENABLE_PREVIEWS = YES;
				GENERATE_INFOPLIST_FILE = YES;
				INFOPLIST_KEY_UIApplicationSceneManifest_Generation = YES;
				INFOPLIST_KEY_UIApplicationSupportsIndirectInputEvents = YES;
				INFOPLIST_KEY_UILaunchScreen_Generation = YES;
				INFOPLIST_KEY_UISupportedInterfaceOrientations_iPad = "UIInterfaceOrientationPortrait UIInterfaceOrientationPortraitUpsideDown UIInterfaceOrientationLandscapeLeft UIInterfaceOrientationLandscapeRight";
				INFOPLIST_KEY_UISupportedInterfaceOrientations_iPhone = "UIInterfaceOrientationPortrait UIInterfaceOrientationLandscapeLeft UIInterfaceOrientationLandscapeRight";
				LD_RUNPATH_SEARCH_PATHS = (
					"$(inherited)",
					"@executable_path/Frameworks",
				);
				MARKETING_VERSION = 1.0;
				PRODUCT_BUNDLE_IDENTIFIER = "ss.dp.Novision-Arrangements";
				PRODUCT_NAME = "$(TARGET_NAME)";
				SWIFT_EMIT_LOC_STRINGS = YES;
				SWIFT_VERSION = 5.0;
				TARGETED_DEVICE_FAMILY = "1,2";
			};
			name = Debug;
		};
		1BA5D1A12ADBE72800935E6F /* Release */ = {
			isa = XCBuildConfiguration;
			buildSettings = {
				ASSETCATALOG_COMPILER_APPICON_NAME = AppIcon;
				ASSETCATALOG_COMPILER_GLOBAL_ACCENT_COLOR_NAME = AccentColor;
				CODE_SIGN_STYLE = Automatic;
				CURRENT_PROJECT_VERSION = 1;
				DEVELOPMENT_ASSET_PATHS = "\"Novision Arrangements/Preview Content\"";
				ENABLE_PREVIEWS = YES;
				GENERATE_INFOPLIST_FILE = YES;
				INFOPLIST_KEY_UIApplicationSceneManifest_Generation = YES;
				INFOPLIST_KEY_UIApplicationSupportsIndirectInputEvents = YES;
				INFOPLIST_KEY_UILaunchScreen_Generation = YES;
				INFOPLIST_KEY_UISupportedInterfaceOrientations_iPad = "UIInterfaceOrientationPortrait UIInterfaceOrientationPortraitUpsideDown UIInterfaceOrientationLandscapeLeft UIInterfaceOrientationLandscapeRight";
				INFOPLIST_KEY_UISupportedInterfaceOrientations_iPhone = "UIInterfaceOrientationPortrait UIInterfaceOrientationLandscapeLeft UIInterfaceOrientationLandscapeRight";
				LD_RUNPATH_SEARCH_PATHS = (
					"$(inherited)",
					"@executable_path/Frameworks",
				);
				MARKETING_VERSION = 1.0;
				PRODUCT_BUNDLE_IDENTIFIER = "ss.dp.Novision-Arrangements";
				PRODUCT_NAME = "$(TARGET_NAME)";
				SWIFT_EMIT_LOC_STRINGS = YES;
				SWIFT_VERSION = 5.0;
				TARGETED_DEVICE_FAMILY = "1,2";
			};
			name = Release;
		};
/* End XCBuildConfiguration section */

/* Begin XCConfigurationList section */
		1BA5D18C2ADBE72700935E6F /* Build configuration list for PBXProject "Novision Arrangements" */ = {
			isa = XCConfigurationList;
			buildConfigurations = (
				1BA5D19D2ADBE72800935E6F /* Debug */,
				1BA5D19E2ADBE72800935E6F /* Release */,
			);
			defaultConfigurationIsVisible = 0;
			defaultConfigurationName = Release;
		};
		1BA5D19F2ADBE72800935E6F /* Build configuration list for PBXNativeTarget "Novision Arrangements" */ = {
			isa = XCConfigurationList;
			buildConfigurations = (
				1BA5D1A02ADBE72800935E6F /* Debug */,
				1BA5D1A12ADBE72800935E6F /* Release */,
			);
			defaultConfigurationIsVisible = 0;
			defaultConfigurationName = Release;
		};
/* End XCConfigurationList section */
	};
	rootObject = 1BA5D1892ADBE72700935E6F /* Project object */;
}
